
Microsoft Visual Studio Solution File, Format Version 12.00
# Visual Studio Version 16
VisualStudioVersion = 16.0.29613.14
MinimumVisualStudioVersion = 10.0.40219.1
Project("{9A19103F-16F7-4668-BE54-9A1E7A4F7556}") = "FunTODOWebSite", "FunTODO\FunTODOWebSite.csproj", "{CC7B3CC4-1772-46B1-A064-620CC1371F7C}"
EndProject
Project("{9A19103F-16F7-4668-BE54-9A1E7A4F7556}") = "FunTODOCommon", "FunTODOCommon\FunTODOCommon.csproj", "{D25F2883-FAF6-4D97-92DC-2104FEE114C9}"
EndProject
Project("{9A19103F-16F7-4668-BE54-9A1E7A4F7556}") = "FunTODOLogic", "FunTODOLogic\FunTODOLogic.csproj", "{8751BDD0-054A-47B9-8AE5-6E4023EB69D9}"
EndProject
Project("{9A19103F-16F7-4668-BE54-9A1E7A4F7556}") = "FunTODOModels", "FunTODOModels\FunTODOModels.csproj", "{3DC29309-A607-4689-8020-AD08379DE25A}"
EndProject
Project("{9A19103F-16F7-4668-BE54-9A1E7A4F7556}") = "FunTODORepository", "FunTODORepository\FunTODORepository.csproj", "{6B0F8FA5-6197-473B-8AD6-CA43B1F3628D}"
EndProject
Project("{9A19103F-16F7-4668-BE54-9A1E7A4F7556}") = "FunTODODataAccess", "FunTODODataAccess\FunTODODataAccess.csproj", "{41ACC3DC-79BA-440B-AFDF-C23D397284A3}"
EndProject
Global
	GlobalSection(SolutionConfigurationPlatforms) = preSolution
		Debug|Any CPU = Debug|Any CPU
		Release|Any CPU = Release|Any CPU
	EndGlobalSection
	GlobalSection(ProjectConfigurationPlatforms) = postSolution
		{CC7B3CC4-1772-46B1-A064-620CC1371F7C}.Debug|Any CPU.ActiveCfg = Debug|Any CPU
		{CC7B3CC4-1772-46B1-A064-620CC1371F7C}.Debug|Any CPU.Build.0 = Debug|Any CPU
		{CC7B3CC4-1772-46B1-A064-620CC1371F7C}.Release|Any CPU.ActiveCfg = Release|Any CPU
		{CC7B3CC4-1772-46B1-A064-620CC1371F7C}.Release|Any CPU.Build.0 = Release|Any CPU
		{D25F2883-FAF6-4D97-92DC-2104FEE114C9}.Debug|Any CPU.ActiveCfg = Debug|Any CPU
		{D25F2883-FAF6-4D97-92DC-2104FEE114C9}.Debug|Any CPU.Build.0 = Debug|Any CPU
		{D25F2883-FAF6-4D97-92DC-2104FEE114C9}.Release|Any CPU.ActiveCfg = Release|Any CPU
		{D25F2883-FAF6-4D97-92DC-2104FEE114C9}.Release|Any CPU.Build.0 = Release|Any CPU
		{8751BDD0-054A-47B9-8AE5-6E4023EB69D9}.Debug|Any CPU.ActiveCfg = Debug|Any CPU
		{8751BDD0-054A-47B9-8AE5-6E4023EB69D9}.Debug|Any CPU.Build.0 = Debug|Any CPU
		{8751BDD0-054A-47B9-8AE5-6E4023EB69D9}.Release|Any CPU.ActiveCfg = Release|Any CPU
		{8751BDD0-054A-47B9-8AE5-6E4023EB69D9}.Release|Any CPU.Build.0 = Release|Any CPU
		{3DC29309-A607-4689-8020-AD08379DE25A}.Debug|Any CPU.ActiveCfg = Debug|Any CPU
		{3DC29309-A607-4689-8020-AD08379DE25A}.Debug|Any CPU.Build.0 = Debug|Any CPU
		{3DC29309-A607-4689-8020-AD08379DE25A}.Release|Any CPU.ActiveCfg = Release|Any CPU
		{3DC29309-A607-4689-8020-AD08379DE25A}.Release|Any CPU.Build.0 = Release|Any CPU
		{6B0F8FA5-6197-473B-8AD6-CA43B1F3628D}.Debug|Any CPU.ActiveCfg = Debug|Any CPU
		{6B0F8FA5-6197-473B-8AD6-CA43B1F3628D}.Debug|Any CPU.Build.0 = Debug|Any CPU
		{6B0F8FA5-6197-473B-8AD6-CA43B1F3628D}.Release|Any CPU.ActiveCfg = Release|Any CPU
		{6B0F8FA5-6197-473B-8AD6-CA43B1F3628D}.Release|Any CPU.Build.0 = Release|Any CPU
		{41ACC3DC-79BA-440B-AFDF-C23D397284A3}.Debug|Any CPU.ActiveCfg = Debug|Any CPU
		{41ACC3DC-79BA-440B-AFDF-C23D397284A3}.Debug|Any CPU.Build.0 = Debug|Any CPU
		{41ACC3DC-79BA-440B-AFDF-C23D397284A3}.Release|Any CPU.ActiveCfg = Release|Any CPU
		{41ACC3DC-79BA-440B-AFDF-C23D397284A3}.Release|Any CPU.Build.0 = Release|Any CPU
	EndGlobalSection
	GlobalSection(SolutionProperties) = preSolution
		HideSolutionNode = FALSE
	EndGlobalSection
	GlobalSection(ExtensibilityGlobals) = postSolution
		SolutionGuid = {36872C2A-95CF-4D63-A71A-756CE4B049BE}
	EndGlobalSection
EndGlobal
